
Microsoft Visual Studio Solution File, Format Version 12.00
# Visual Studio 15
VisualStudioVersion = 15.0.28010.2041
MinimumVisualStudioVersion = 10.0.40219.1
Project("{FAE04EC0-301F-11D3-BF4B-00C04F79EFBC}") = "AzureContinuous", "AzureContinuous\AzureContinuous.csproj", "{2510379F-6356-41F1-8BF9-1DA445962419}"
EndProject
Project("{FAE04EC0-301F-11D3-BF4B-00C04F79EFBC}") = "AzureContinuous.Tests", "AzureContinuous.Tests\AzureContinuous.Tests.csproj", "{0B014170-B0B3-411C-A615-650F8FD063A5}"
EndProject
Global
	GlobalSection(SolutionConfigurationPlatforms) = preSolution
		Debug|Any CPU = Debug|Any CPU
		Release|Any CPU = Release|Any CPU
	EndGlobalSection
	GlobalSection(ProjectConfigurationPlatforms) = postSolution
		{2510379F-6356-41F1-8BF9-1DA445962419}.Debug|Any CPU.ActiveCfg = Debug|Any CPU
		{2510379F-6356-41F1-8BF9-1DA445962419}.Debug|Any CPU.Build.0 = Debug|Any CPU
		{2510379F-6356-41F1-8BF9-1DA445962419}.Release|Any CPU.ActiveCfg = Release|Any CPU
		{2510379F-6356-41F1-8BF9-1DA445962419}.Release|Any CPU.Build.0 = Release|Any CPU
		{0B014170-B0B3-411C-A615-650F8FD063A5}.Debug|Any CPU.ActiveCfg = Debug|Any CPU
		{0B014170-B0B3-411C-A615-650F8FD063A5}.Debug|Any CPU.Build.0 = Debug|Any CPU
		{0B014170-B0B3-411C-A615-650F8FD063A5}.Release|Any CPU.ActiveCfg = Release|Any CPU
		{0B014170-B0B3-411C-A615-650F8FD063A5}.Release|Any CPU.Build.0 = Release|Any CPU
	EndGlobalSection
	GlobalSection(SolutionProperties) = preSolution
		HideSolutionNode = FALSE
	EndGlobalSection
	GlobalSection(ExtensibilityGlobals) = postSolution
		SolutionGuid = {2792FF3D-DD87-4815-BAC2-D6B032A6D4E4}
	EndGlobalSection
EndGlobal
